
Microsoft Visual Studio Solution File, Format Version 12.00
# Visual Studio Version 17
VisualStudioVersion = 17.10.35122.118
MinimumVisualStudioVersion = 10.0.40219.1
Project("{FAE04EC0-301F-11D3-BF4B-00C04F79EFBC}") = "AnimalRacers", "AnimalRacers\AnimalRacers.csproj", "{DACC8E2C-7B00-4E1A-8E37-800C5B6E6581}"
EndProject
Project("{FAE04EC0-301F-11D3-BF4B-00C04F79EFBC}") = "AnimalRacersGame", "AnimalRacersGame\AnimalRacersGame.csproj", "{29D4DEDF-C4B2-4A0F-A7B4-37D83D96CB25}"
EndProject
Global
	GlobalSection(SolutionConfigurationPlatforms) = preSolution
		Debug|Any CPU = Debug|Any CPU
		Release|Any CPU = Release|Any CPU
	EndGlobalSection
	GlobalSection(ProjectConfigurationPlatforms) = postSolution
		{DACC8E2C-7B00-4E1A-8E37-800C5B6E6581}.Debug|Any CPU.ActiveCfg = Debug|Any CPU
		{DACC8E2C-7B00-4E1A-8E37-800C5B6E6581}.Debug|Any CPU.Build.0 = Debug|Any CPU
		{DACC8E2C-7B00-4E1A-8E37-800C5B6E6581}.Release|Any CPU.ActiveCfg = Release|Any CPU
		{DACC8E2C-7B00-4E1A-8E37-800C5B6E6581}.Release|Any CPU.Build.0 = Release|Any CPU
		{29D4DEDF-C4B2-4A0F-A7B4-37D83D96CB25}.Debug|Any CPU.ActiveCfg = Debug|Any CPU
		{29D4DEDF-C4B2-4A0F-A7B4-37D83D96CB25}.Debug|Any CPU.Build.0 = Debug|Any CPU
		{29D4DEDF-C4B2-4A0F-A7B4-37D83D96CB25}.Release|Any CPU.ActiveCfg = Release|Any CPU
		{29D4DEDF-C4B2-4A0F-A7B4-37D83D96CB25}.Release|Any CPU.Build.0 = Release|Any CPU
	EndGlobalSection
	GlobalSection(SolutionProperties) = preSolution
		HideSolutionNode = FALSE
	EndGlobalSection
	GlobalSection(ExtensibilityGlobals) = postSolution
		SolutionGuid = {70B279E3-41A0-4CB8-B4CC-A51DB5E187E9}
	EndGlobalSection
EndGlobal
